
Microsoft Visual Studio Solution File, Format Version 12.00
# Visual Studio Version 16
VisualStudioVersion = 16.0.30011.22
MinimumVisualStudioVersion = 10.0.40219.1
Project("{FAE04EC0-301F-11D3-BF4B-00C04F79EFBC}") = "StretchReminder", "StretchReminder.csproj", "{4972060E-A0FC-41A7-88F5-D3FF958EF503}"
EndProject
Project("{C7167F0D-BC9F-4E6E-AFE1-012C56B48DB5}") = "StretchReminder.Packaging", "..\StretchReminder.Packaging\StretchReminder.Packaging.wapproj", "{4ACFCDE6-73FC-46A8-BAE8-8D6BC4217F55}"
EndProject
Project("{FAE04EC0-301F-11D3-BF4B-00C04F79EFBC}") = "StretchReminder.Core", "..\StretchReminder.Core\StretchReminder.Core.csproj", "{E6F2A598-A9D0-4BC4-B653-1CC8C587F54C}"
EndProject
Project("{FAE04EC0-301F-11D3-BF4B-00C04F79EFBC}") = "StretchReminder.TrayIcon", "..\StretchReminder.TrayIcon\StretchReminder.TrayIcon.csproj", "{CFB8A025-0617-4E38-BF35-52E7A82CE346}"
EndProject
Project("{FAE04EC0-301F-11D3-BF4B-00C04F79EFBC}") = "StretchReminder.Reminder", "..\StretchReminder.Reminder\StretchReminder.Reminder.csproj", "{66288406-91C3-4B73-90F8-C75B110E14FF}"
EndProject
Global
	GlobalSection(SolutionConfigurationPlatforms) = preSolution
		Debug|Any CPU = Debug|Any CPU
		Debug|ARM = Debug|ARM
		Debug|ARM64 = Debug|ARM64
		Debug|x64 = Debug|x64
		Debug|x86 = Debug|x86
		Release|Any CPU = Release|Any CPU
		Release|ARM = Release|ARM
		Release|ARM64 = Release|ARM64
		Release|x64 = Release|x64
		Release|x86 = Release|x86
	EndGlobalSection
	GlobalSection(ProjectConfigurationPlatforms) = postSolution
		{4972060E-A0FC-41A7-88F5-D3FF958EF503}.Debug|Any CPU.ActiveCfg = Debug|Any CPU
		{4972060E-A0FC-41A7-88F5-D3FF958EF503}.Debug|Any CPU.Build.0 = Debug|Any CPU
		{4972060E-A0FC-41A7-88F5-D3FF958EF503}.Debug|ARM.ActiveCfg = Debug|Any CPU
		{4972060E-A0FC-41A7-88F5-D3FF958EF503}.Debug|ARM.Build.0 = Debug|Any CPU
		{4972060E-A0FC-41A7-88F5-D3FF958EF503}.Debug|ARM64.ActiveCfg = Debug|Any CPU
		{4972060E-A0FC-41A7-88F5-D3FF958EF503}.Debug|ARM64.Build.0 = Debug|Any CPU
		{4972060E-A0FC-41A7-88F5-D3FF958EF503}.Debug|x64.ActiveCfg = Debug|Any CPU
		{4972060E-A0FC-41A7-88F5-D3FF958EF503}.Debug|x64.Build.0 = Debug|Any CPU
		{4972060E-A0FC-41A7-88F5-D3FF958EF503}.Debug|x86.ActiveCfg = Debug|Any CPU
		{4972060E-A0FC-41A7-88F5-D3FF958EF503}.Debug|x86.Build.0 = Debug|Any CPU
		{4972060E-A0FC-41A7-88F5-D3FF958EF503}.Release|Any CPU.ActiveCfg = Release|Any CPU
		{4972060E-A0FC-41A7-88F5-D3FF958EF503}.Release|Any CPU.Build.0 = Release|Any CPU
		{4972060E-A0FC-41A7-88F5-D3FF958EF503}.Release|ARM.ActiveCfg = Release|Any CPU
		{4972060E-A0FC-41A7-88F5-D3FF958EF503}.Release|ARM.Build.0 = Release|Any CPU
		{4972060E-A0FC-41A7-88F5-D3FF958EF503}.Release|ARM64.ActiveCfg = Release|Any CPU
		{4972060E-A0FC-41A7-88F5-D3FF958EF503}.Release|ARM64.Build.0 = Release|Any CPU
		{4972060E-A0FC-41A7-88F5-D3FF958EF503}.Release|x64.ActiveCfg = Release|Any CPU
		{4972060E-A0FC-41A7-88F5-D3FF958EF503}.Release|x64.Build.0 = Release|Any CPU
		{4972060E-A0FC-41A7-88F5-D3FF958EF503}.Release|x86.ActiveCfg = Release|Any CPU
		{4972060E-A0FC-41A7-88F5-D3FF958EF503}.Release|x86.Build.0 = Release|Any CPU
		{4ACFCDE6-73FC-46A8-BAE8-8D6BC4217F55}.Debug|Any CPU.ActiveCfg = Debug|Any CPU
		{4ACFCDE6-73FC-46A8-BAE8-8D6BC4217F55}.Debug|Any CPU.Build.0 = Debug|Any CPU
		{4ACFCDE6-73FC-46A8-BAE8-8D6BC4217F55}.Debug|Any CPU.Deploy.0 = Debug|Any CPU
		{4ACFCDE6-73FC-46A8-BAE8-8D6BC4217F55}.Debug|ARM.ActiveCfg = Debug|ARM
		{4ACFCDE6-73FC-46A8-BAE8-8D6BC4217F55}.Debug|ARM.Build.0 = Debug|ARM
		{4ACFCDE6-73FC-46A8-BAE8-8D6BC4217F55}.Debug|ARM.Deploy.0 = Debug|ARM
		{4ACFCDE6-73FC-46A8-BAE8-8D6BC4217F55}.Debug|ARM64.ActiveCfg = Debug|ARM64
		{4ACFCDE6-73FC-46A8-BAE8-8D6BC4217F55}.Debug|ARM64.Build.0 = Debug|ARM64
		{4ACFCDE6-73FC-46A8-BAE8-8D6BC4217F55}.Debug|ARM64.Deploy.0 = Debug|ARM64
		{4ACFCDE6-73FC-46A8-BAE8-8D6BC4217F55}.Debug|x64.ActiveCfg = Debug|x64
		{4ACFCDE6-73FC-46A8-BAE8-8D6BC4217F55}.Debug|x64.Build.0 = Debug|x64
		{4ACFCDE6-73FC-46A8-BAE8-8D6BC4217F55}.Debug|x64.Deploy.0 = Debug|x64
		{4ACFCDE6-73FC-46A8-BAE8-8D6BC4217F55}.Debug|x86.ActiveCfg = Debug|x86
		{4ACFCDE6-73FC-46A8-BAE8-8D6BC4217F55}.Debug|x86.Build.0 = Debug|x86
		{4ACFCDE6-73FC-46A8-BAE8-8D6BC4217F55}.Debug|x86.Deploy.0 = Debug|x86
		{4ACFCDE6-73FC-46A8-BAE8-8D6BC4217F55}.Release|Any CPU.ActiveCfg = Release|Any CPU
		{4ACFCDE6-73FC-46A8-BAE8-8D6BC4217F55}.Release|Any CPU.Build.0 = Release|Any CPU
		{4ACFCDE6-73FC-46A8-BAE8-8D6BC4217F55}.Release|Any CPU.Deploy.0 = Release|Any CPU
		{4ACFCDE6-73FC-46A8-BAE8-8D6BC4217F55}.Release|ARM.ActiveCfg = Release|ARM
		{4ACFCDE6-73FC-46A8-BAE8-8D6BC4217F55}.Release|ARM.Build.0 = Release|ARM
		{4ACFCDE6-73FC-46A8-BAE8-8D6BC4217F55}.Release|ARM.Deploy.0 = Release|ARM
		{4ACFCDE6-73FC-46A8-BAE8-8D6BC4217F55}.Release|ARM64.ActiveCfg = Release|ARM64
		{4ACFCDE6-73FC-46A8-BAE8-8D6BC4217F55}.Release|ARM64.Build.0 = Release|ARM64
		{4ACFCDE6-73FC-46A8-BAE8-8D6BC4217F55}.Release|ARM64.Deploy.0 = Release|ARM64
		{4ACFCDE6-73FC-46A8-BAE8-8D6BC4217F55}.Release|x64.ActiveCfg = Release|x64
		{4ACFCDE6-73FC-46A8-BAE8-8D6BC4217F55}.Release|x64.Build.0 = Release|x64
		{4ACFCDE6-73FC-46A8-BAE8-8D6BC4217F55}.Release|x64.Deploy.0 = Release|x64
		{4ACFCDE6-73FC-46A8-BAE8-8D6BC4217F55}.Release|x86.ActiveCfg = Release|x86
		{4ACFCDE6-73FC-46A8-BAE8-8D6BC4217F55}.Release|x86.Build.0 = Release|x86
		{4ACFCDE6-73FC-46A8-BAE8-8D6BC4217F55}.Release|x86.Deploy.0 = Release|x86
		{E6F2A598-A9D0-4BC4-B653-1CC8C587F54C}.Debug|Any CPU.ActiveCfg = Debug|Any CPU
		{E6F2A598-A9D0-4BC4-B653-1CC8C587F54C}.Debug|Any CPU.Build.0 = Debug|Any CPU
		{E6F2A598-A9D0-4BC4-B653-1CC8C587F54C}.Debug|ARM.ActiveCfg = Debug|Any CPU
		{E6F2A598-A9D0-4BC4-B653-1CC8C587F54C}.Debug|ARM.Build.0 = Debug|Any CPU
		{E6F2A598-A9D0-4BC4-B653-1CC8C587F54C}.Debug|ARM64.ActiveCfg = Debug|Any CPU
		{E6F2A598-A9D0-4BC4-B653-1CC8C587F54C}.Debug|ARM64.Build.0 = Debug|Any CPU
		{E6F2A598-A9D0-4BC4-B653-1CC8C587F54C}.Debug|x64.ActiveCfg = Debug|Any CPU
		{E6F2A598-A9D0-4BC4-B653-1CC8C587F54C}.Debug|x64.Build.0 = Debug|Any CPU
		{E6F2A598-A9D0-4BC4-B653-1CC8C587F54C}.Debug|x86.ActiveCfg = Debug|Any CPU
		{E6F2A598-A9D0-4BC4-B653-1CC8C587F54C}.Debug|x86.Build.0 = Debug|Any CPU
		{E6F2A598-A9D0-4BC4-B653-1CC8C587F54C}.Release|Any CPU.ActiveCfg = Release|Any CPU
		{E6F2A598-A9D0-4BC4-B653-1CC8C587F54C}.Release|Any CPU.Build.0 = Release|Any CPU
		{E6F2A598-A9D0-4BC4-B653-1CC8C587F54C}.Release|ARM.ActiveCfg = Release|Any CPU
		{E6F2A598-A9D0-4BC4-B653-1CC8C587F54C}.Release|ARM.Build.0 = Release|Any CPU
		{E6F2A598-A9D0-4BC4-B653-1CC8C587F54C}.Release|ARM64.ActiveCfg = Release|Any CPU
		{E6F2A598-A9D0-4BC4-B653-1CC8C587F54C}.Release|ARM64.Build.0 = Release|Any CPU
		{E6F2A598-A9D0-4BC4-B653-1CC8C587F54C}.Release|x64.ActiveCfg = Release|Any CPU
		{E6F2A598-A9D0-4BC4-B653-1CC8C587F54C}.Release|x64.Build.0 = Release|Any CPU
		{E6F2A598-A9D0-4BC4-B653-1CC8C587F54C}.Release|x86.ActiveCfg = Release|Any CPU
		{E6F2A598-A9D0-4BC4-B653-1CC8C587F54C}.Release|x86.Build.0 = Release|Any CPU
		{CFB8A025-0617-4E38-BF35-52E7A82CE346}.Debug|Any CPU.ActiveCfg = Debug|Any CPU
		{CFB8A025-0617-4E38-BF35-52E7A82CE346}.Debug|Any CPU.Build.0 = Debug|Any CPU
		{CFB8A025-0617-4E38-BF35-52E7A82CE346}.Debug|ARM.ActiveCfg = Debug|Any CPU
		{CFB8A025-0617-4E38-BF35-52E7A82CE346}.Debug|ARM.Build.0 = Debug|Any CPU
		{CFB8A025-0617-4E38-BF35-52E7A82CE346}.Debug|ARM64.ActiveCfg = Debug|Any CPU
		{CFB8A025-0617-4E38-BF35-52E7A82CE346}.Debug|ARM64.Build.0 = Debug|Any CPU
		{CFB8A025-0617-4E38-BF35-52E7A82CE346}.Debug|x64.ActiveCfg = Debug|Any CPU
		{CFB8A025-0617-4E38-BF35-52E7A82CE346}.Debug|x64.Build.0 = Debug|Any CPU
		{CFB8A025-0617-4E38-BF35-52E7A82CE346}.Debug|x86.ActiveCfg = Debug|Any CPU
		{CFB8A025-0617-4E38-BF35-52E7A82CE346}.Debug|x86.Build.0 = Debug|Any CPU
		{CFB8A025-0617-4E38-BF35-52E7A82CE346}.Release|Any CPU.ActiveCfg = Release|Any CPU
		{CFB8A025-0617-4E38-BF35-52E7A82CE346}.Release|Any CPU.Build.0 = Release|Any CPU
		{CFB8A025-0617-4E38-BF35-52E7A82CE346}.Release|ARM.ActiveCfg = Release|Any CPU
		{CFB8A025-0617-4E38-BF35-52E7A82CE346}.Release|ARM.Build.0 = Release|Any CPU
		{CFB8A025-0617-4E38-BF35-52E7A82CE346}.Release|ARM64.ActiveCfg = Release|Any CPU
		{CFB8A025-0617-4E38-BF35-52E7A82CE346}.Release|ARM64.Build.0 = Release|Any CPU
		{CFB8A025-0617-4E38-BF35-52E7A82CE346}.Release|x64.ActiveCfg = Release|Any CPU
		{CFB8A025-0617-4E38-BF35-52E7A82CE346}.Release|x64.Build.0 = Release|Any CPU
		{CFB8A025-0617-4E38-BF35-52E7A82CE346}.Release|x86.ActiveCfg = Release|Any CPU
		{CFB8A025-0617-4E38-BF35-52E7A82CE346}.Release|x86.Build.0 = Release|Any CPU
		{66288406-91C3-4B73-90F8-C75B110E14FF}.Debug|Any CPU.ActiveCfg = Debug|Any CPU
		{66288406-91C3-4B73-90F8-C75B110E14FF}.Debug|Any CPU.Build.0 = Debug|Any CPU
		{66288406-91C3-4B73-90F8-C75B110E14FF}.Debug|ARM.ActiveCfg = Debug|Any CPU
		{66288406-91C3-4B73-90F8-C75B110E14FF}.Debug|ARM.Build.0 = Debug|Any CPU
		{66288406-91C3-4B73-90F8-C75B110E14FF}.Debug|ARM64.ActiveCfg = Debug|Any CPU
		{66288406-91C3-4B73-90F8-C75B110E14FF}.Debug|ARM64.Build.0 = Debug|Any CPU
		{66288406-91C3-4B73-90F8-C75B110E14FF}.Debug|x64.ActiveCfg = Debug|Any CPU
		{66288406-91C3-4B73-90F8-C75B110E14FF}.Debug|x64.Build.0 = Debug|Any CPU
		{66288406-91C3-4B73-90F8-C75B110E14FF}.Debug|x86.ActiveCfg = Debug|Any CPU
		{66288406-91C3-4B73-90F8-C75B110E14FF}.Debug|x86.Build.0 = Debug|Any CPU
		{66288406-91C3-4B73-90F8-C75B110E14FF}.Release|Any CPU.ActiveCfg = Release|Any CPU
		{66288406-91C3-4B73-90F8-C75B110E14FF}.Release|Any CPU.Build.0 = Release|Any CPU
		{66288406-91C3-4B73-90F8-C75B110E14FF}.Release|ARM.ActiveCfg = Release|Any CPU
		{66288406-91C3-4B73-90F8-C75B110E14FF}.Release|ARM.Build.0 = Release|Any CPU
		{66288406-91C3-4B73-90F8-C75B110E14FF}.Release|ARM64.ActiveCfg = Release|Any CPU
		{66288406-91C3-4B73-90F8-C75B110E14FF}.Release|ARM64.Build.0 = Release|Any CPU
		{66288406-91C3-4B73-90F8-C75B110E14FF}.Release|x64.ActiveCfg = Release|Any CPU
		{66288406-91C3-4B73-90F8-C75B110E14FF}.Release|x64.Build.0 = Release|Any CPU
		{66288406-91C3-4B73-90F8-C75B110E14FF}.Release|x86.ActiveCfg = Release|Any CPU
		{66288406-91C3-4B73-90F8-C75B110E14FF}.Release|x86.Build.0 = Release|Any CPU
	EndGlobalSection
	GlobalSection(SolutionProperties) = preSolution
		HideSolutionNode = FALSE
	EndGlobalSection
	GlobalSection(ExtensibilityGlobals) = postSolution
		SolutionGuid = {FE027C51-62A0-4D17-9A74-3309A58B1835}
	EndGlobalSection
EndGlobal
